// !$*UTF8*$!
{
	archiveVersion = 1;
	classes = {
	};
	objectVersion = 55;
	objects = {

/* Begin PBXBuildFile section */
		342EF65CD5F307394B2A8F73 /* Pods_PhotosApp.framework in Frameworks */ = {isa = PBXBuildFile; fileRef = 41E2DF6F80F9777E34143919 /* Pods_PhotosApp.framework */; };
		E120F1A729CB38CF004DF9C6 /* AppDelegate.swift in Sources */ = {isa = PBXBuildFile; fileRef = E120F1A629CB38CF004DF9C6 /* AppDelegate.swift */; };
		E120F1A929CB38CF004DF9C6 /* SceneDelegate.swift in Sources */ = {isa = PBXBuildFile; fileRef = E120F1A829CB38CF004DF9C6 /* SceneDelegate.swift */; };
		E120F1B029CB38D2004DF9C6 /* Assets.xcassets in Resources */ = {isa = PBXBuildFile; fileRef = E120F1AF29CB38D2004DF9C6 /* Assets.xcassets */; };
		E120F1C129CB3A18004DF9C6 /* SplashViewController.swift in Sources */ = {isa = PBXBuildFile; fileRef = E120F1C029CB3A18004DF9C6 /* SplashViewController.swift */; };
		E120F1C329CB3A61004DF9C6 /* Constraints.swift in Sources */ = {isa = PBXBuildFile; fileRef = E120F1C229CB3A61004DF9C6 /* Constraints.swift */; };
		E120F1C529CB3A7E004DF9C6 /* Color.swift in Sources */ = {isa = PBXBuildFile; fileRef = E120F1C429CB3A7E004DF9C6 /* Color.swift */; };
		E120F1C729CB3A9A004DF9C6 /* Extensions.swift in Sources */ = {isa = PBXBuildFile; fileRef = E120F1C629CB3A9A004DF9C6 /* Extensions.swift */; };
		E120F1CA29CB3B9D004DF9C6 /* AppConstants.swift in Sources */ = {isa = PBXBuildFile; fileRef = E120F1C929CB3B9D004DF9C6 /* AppConstants.swift */; };
		E120F1CC29CB6553004DF9C6 /* LoginController.swift in Sources */ = {isa = PBXBuildFile; fileRef = E120F1CB29CB6553004DF9C6 /* LoginController.swift */; };
		E120F1CE29CB9283004DF9C6 /* LoginViewModel.swift in Sources */ = {isa = PBXBuildFile; fileRef = E120F1CD29CB9283004DF9C6 /* LoginViewModel.swift */; };
		E120F1D029CB9CB0004DF9C6 /* SignupController.swift in Sources */ = {isa = PBXBuildFile; fileRef = E120F1CF29CB9CB0004DF9C6 /* SignupController.swift */; };
		E120F1D329CBAD58004DF9C6 /* SignupViewModel.swift in Sources */ = {isa = PBXBuildFile; fileRef = E120F1D229CBAD58004DF9C6 /* SignupViewModel.swift */; };
		E120F1D529D24C35004DF9C6 /* GoogleService-Info.plist in Resources */ = {isa = PBXBuildFile; fileRef = E120F1D429D24C35004DF9C6 /* GoogleService-Info.plist */; };
		E120F1D829D250A2004DF9C6 /* AuthService.swift in Sources */ = {isa = PBXBuildFile; fileRef = E120F1D729D250A2004DF9C6 /* AuthService.swift */; };
		E120F1DA29D250F4004DF9C6 /* AuthCredentials.swift in Sources */ = {isa = PBXBuildFile; fileRef = E120F1D929D250F4004DF9C6 /* AuthCredentials.swift */; };
		E12E46012A295FE900BA8B1F /* ProfileFilterHeaderView.swift in Sources */ = {isa = PBXBuildFile; fileRef = E12E46002A295FE800BA8B1F /* ProfileFilterHeaderView.swift */; };
		E12E46032A29645C00BA8B1F /* ProfileFilterCell.swift in Sources */ = {isa = PBXBuildFile; fileRef = E12E46022A29645C00BA8B1F /* ProfileFilterCell.swift */; };
		E12E46082A2EABA000BA8B1F /* SearchProfilesCell.swift in Sources */ = {isa = PBXBuildFile; fileRef = E12E46072A2EABA000BA8B1F /* SearchProfilesCell.swift */; };
		E146A86D2A33CBAE00FFF51E /* ProfileViewModel.swift in Sources */ = {isa = PBXBuildFile; fileRef = E146A86C2A33CBAE00FFF51E /* ProfileViewModel.swift */; };
		E146A86F2A411EC700FFF51E /* UserStatusController.swift in Sources */ = {isa = PBXBuildFile; fileRef = E146A86E2A411EC700FFF51E /* UserStatusController.swift */; };
		E146A8722A424C7D00FFF51E /* ProfileStatusFilterHeaderView.swift in Sources */ = {isa = PBXBuildFile; fileRef = E146A8712A424C7D00FFF51E /* ProfileStatusFilterHeaderView.swift */; };
		E146A8742A424F1200FFF51E /* ProfileStatusFilterCell.swift in Sources */ = {isa = PBXBuildFile; fileRef = E146A8732A424F1200FFF51E /* ProfileStatusFilterCell.swift */; };
		E1D652C02A1D933100E3A283 /* MainTabController.swift in Sources */ = {isa = PBXBuildFile; fileRef = E1D652BF2A1D933100E3A283 /* MainTabController.swift */; };
		E1D652C22A1EB8B200E3A283 /* UserService.swift in Sources */ = {isa = PBXBuildFile; fileRef = E1D652C12A1EB8B200E3A283 /* UserService.swift */; };
		E1D652C42A1EB9DE00E3A283 /* User.swift in Sources */ = {isa = PBXBuildFile; fileRef = E1D652C32A1EB9DE00E3A283 /* User.swift */; };
		E1D652C72A1EC49200E3A283 /* HomeViewController.swift in Sources */ = {isa = PBXBuildFile; fileRef = E1D652C62A1EC49200E3A283 /* HomeViewController.swift */; };
		E1D652C92A1EC4C800E3A283 /* SearchController.swift in Sources */ = {isa = PBXBuildFile; fileRef = E1D652C82A1EC4C800E3A283 /* SearchController.swift */; };
		E1D652CB2A1EC4F500E3A283 /* PostController.swift in Sources */ = {isa = PBXBuildFile; fileRef = E1D652CA2A1EC4F500E3A283 /* PostController.swift */; };
		E1D652CD2A1EC50900E3A283 /* NotificationsController.swift in Sources */ = {isa = PBXBuildFile; fileRef = E1D652CC2A1EC50900E3A283 /* NotificationsController.swift */; };
		E1D652CF2A1EC52600E3A283 /* ProfileController.swift in Sources */ = {isa = PBXBuildFile; fileRef = E1D652CE2A1EC52600E3A283 /* ProfileController.swift */; };
		E1D652D22A1EDB7B00E3A283 /* SideMenuController.swift in Sources */ = {isa = PBXBuildFile; fileRef = E1D652D12A1EDB7B00E3A283 /* SideMenuController.swift */; };
		E1D652D42A200A9600E3A283 /* SideMenuViewHeader.swift in Sources */ = {isa = PBXBuildFile; fileRef = E1D652D32A200A9600E3A283 /* SideMenuViewHeader.swift */; };
		E1D652D62A2572C800E3A283 /* ProfileControllerHeader.swift in Sources */ = {isa = PBXBuildFile; fileRef = E1D652D52A2572C800E3A283 /* ProfileControllerHeader.swift */; };
/* End PBXBuildFile section */

/* Begin PBXFileReference section */
		11790CDD475306569432C44E /* Pods-PhotosApp.debug.xcconfig */ = {isa = PBXFileReference; includeInIndex = 1; lastKnownFileType = text.xcconfig; name = "Pods-PhotosApp.debug.xcconfig"; path = "Target Support Files/Pods-PhotosApp/Pods-PhotosApp.debug.xcconfig"; sourceTree = "<group>"; };
		41E2DF6F80F9777E34143919 /* Pods_PhotosApp.framework */ = {isa = PBXFileReference; explicitFileType = wrapper.framework; includeInIndex = 0; path = Pods_PhotosApp.framework; sourceTree = BUILT_PRODUCTS_DIR; };
		C8BC2797DBBFA5A31331491B /* Pods-PhotosApp.release.xcconfig */ = {isa = PBXFileReference; includeInIndex = 1; lastKnownFileType = text.xcconfig; name = "Pods-PhotosApp.release.xcconfig"; path = "Target Support Files/Pods-PhotosApp/Pods-PhotosApp.release.xcconfig"; sourceTree = "<group>"; };
		E120F1A329CB38CF004DF9C6 /* PhotosApp.app */ = {isa = PBXFileReference; explicitFileType = wrapper.application; includeInIndex = 0; path = PhotosApp.app; sourceTree = BUILT_PRODUCTS_DIR; };
		E120F1A629CB38CF004DF9C6 /* AppDelegate.swift */ = {isa = PBXFileReference; lastKnownFileType = sourcecode.swift; path = AppDelegate.swift; sourceTree = "<group>"; };
		E120F1A829CB38CF004DF9C6 /* SceneDelegate.swift */ = {isa = PBXFileReference; lastKnownFileType = sourcecode.swift; path = SceneDelegate.swift; sourceTree = "<group>"; };
		E120F1AF29CB38D2004DF9C6 /* Assets.xcassets */ = {isa = PBXFileReference; lastKnownFileType = folder.assetcatalog; path = Assets.xcassets; sourceTree = "<group>"; };
		E120F1B429CB38D2004DF9C6 /* Info.plist */ = {isa = PBXFileReference; lastKnownFileType = text.plist.xml; path = Info.plist; sourceTree = "<group>"; };
		E120F1C029CB3A18004DF9C6 /* SplashViewController.swift */ = {isa = PBXFileReference; lastKnownFileType = sourcecode.swift; path = SplashViewController.swift; sourceTree = "<group>"; };
		E120F1C229CB3A61004DF9C6 /* Constraints.swift */ = {isa = PBXFileReference; lastKnownFileType = sourcecode.swift; path = Constraints.swift; sourceTree = "<group>"; };
		E120F1C429CB3A7E004DF9C6 /* Color.swift */ = {isa = PBXFileReference; lastKnownFileType = sourcecode.swift; path = Color.swift; sourceTree = "<group>"; };
		E120F1C629CB3A9A004DF9C6 /* Extensions.swift */ = {isa = PBXFileReference; lastKnownFileType = sourcecode.swift; path = Extensions.swift; sourceTree = "<group>"; };
		E120F1C929CB3B9D004DF9C6 /* AppConstants.swift */ = {isa = PBXFileReference; lastKnownFileType = sourcecode.swift; path = AppConstants.swift; sourceTree = "<group>"; };
		E120F1CB29CB6553004DF9C6 /* LoginController.swift */ = {isa = PBXFileReference; lastKnownFileType = sourcecode.swift; path = LoginController.swift; sourceTree = "<group>"; };
		E120F1CD29CB9283004DF9C6 /* LoginViewModel.swift */ = {isa = PBXFileReference; lastKnownFileType = sourcecode.swift; path = LoginViewModel.swift; sourceTree = "<group>"; };
		E120F1CF29CB9CB0004DF9C6 /* SignupController.swift */ = {isa = PBXFileReference; lastKnownFileType = sourcecode.swift; path = SignupController.swift; sourceTree = "<group>"; };
		E120F1D229CBAD58004DF9C6 /* SignupViewModel.swift */ = {isa = PBXFileReference; lastKnownFileType = sourcecode.swift; path = SignupViewModel.swift; sourceTree = "<group>"; };
		E120F1D429D24C35004DF9C6 /* GoogleService-Info.plist */ = {isa = PBXFileReference; fileEncoding = 4; lastKnownFileType = text.plist.xml; path = "GoogleService-Info.plist"; sourceTree = "<group>"; };
		E120F1D729D250A2004DF9C6 /* AuthService.swift */ = {isa = PBXFileReference; lastKnownFileType = sourcecode.swift; path = AuthService.swift; sourceTree = "<group>"; };
		E120F1D929D250F4004DF9C6 /* AuthCredentials.swift */ = {isa = PBXFileReference; lastKnownFileType = sourcecode.swift; path = AuthCredentials.swift; sourceTree = "<group>"; };
		E12E46002A295FE800BA8B1F /* ProfileFilterHeaderView.swift */ = {isa = PBXFileReference; lastKnownFileType = sourcecode.swift; path = ProfileFilterHeaderView.swift; sourceTree = "<group>"; };
		E12E46022A29645C00BA8B1F /* ProfileFilterCell.swift */ = {isa = PBXFileReference; lastKnownFileType = sourcecode.swift; path = ProfileFilterCell.swift; sourceTree = "<group>"; };
		E12E46072A2EABA000BA8B1F /* SearchProfilesCell.swift */ = {isa = PBXFileReference; lastKnownFileType = sourcecode.swift; path = SearchProfilesCell.swift; sourceTree = "<group>"; };
		E146A86C2A33CBAE00FFF51E /* ProfileViewModel.swift */ = {isa = PBXFileReference; lastKnownFileType = sourcecode.swift; path = ProfileViewModel.swift; sourceTree = "<group>"; };
		E146A86E2A411EC700FFF51E /* UserStatusController.swift */ = {isa = PBXFileReference; lastKnownFileType = sourcecode.swift; path = UserStatusController.swift; sourceTree = "<group>"; };
		E146A8712A424C7D00FFF51E /* ProfileStatusFilterHeaderView.swift */ = {isa = PBXFileReference; lastKnownFileType = sourcecode.swift; path = ProfileStatusFilterHeaderView.swift; sourceTree = "<group>"; };
		E146A8732A424F1200FFF51E /* ProfileStatusFilterCell.swift */ = {isa = PBXFileReference; lastKnownFileType = sourcecode.swift; path = ProfileStatusFilterCell.swift; sourceTree = "<group>"; };
		E1D652BF2A1D933100E3A283 /* MainTabController.swift */ = {isa = PBXFileReference; lastKnownFileType = sourcecode.swift; path = MainTabController.swift; sourceTree = "<group>"; };
		E1D652C12A1EB8B200E3A283 /* UserService.swift */ = {isa = PBXFileReference; lastKnownFileType = sourcecode.swift; path = UserService.swift; sourceTree = "<group>"; };
		E1D652C32A1EB9DE00E3A283 /* User.swift */ = {isa = PBXFileReference; lastKnownFileType = sourcecode.swift; path = User.swift; sourceTree = "<group>"; };
		E1D652C62A1EC49200E3A283 /* HomeViewController.swift */ = {isa = PBXFileReference; lastKnownFileType = sourcecode.swift; path = HomeViewController.swift; sourceTree = "<group>"; };
		E1D652C82A1EC4C800E3A283 /* SearchController.swift */ = {isa = PBXFileReference; lastKnownFileType = sourcecode.swift; path = SearchController.swift; sourceTree = "<group>"; };
		E1D652CA2A1EC4F500E3A283 /* PostController.swift */ = {isa = PBXFileReference; lastKnownFileType = sourcecode.swift; path = PostController.swift; sourceTree = "<group>"; };
		E1D652CC2A1EC50900E3A283 /* NotificationsController.swift */ = {isa = PBXFileReference; lastKnownFileType = sourcecode.swift; path = NotificationsController.swift; sourceTree = "<group>"; };
		E1D652CE2A1EC52600E3A283 /* ProfileController.swift */ = {isa = PBXFileReference; lastKnownFileType = sourcecode.swift; path = ProfileController.swift; sourceTree = "<group>"; };
		E1D652D12A1EDB7B00E3A283 /* SideMenuController.swift */ = {isa = PBXFileReference; lastKnownFileType = sourcecode.swift; path = SideMenuController.swift; sourceTree = "<group>"; };
		E1D652D32A200A9600E3A283 /* SideMenuViewHeader.swift */ = {isa = PBXFileReference; lastKnownFileType = sourcecode.swift; path = SideMenuViewHeader.swift; sourceTree = "<group>"; };
		E1D652D52A2572C800E3A283 /* ProfileControllerHeader.swift */ = {isa = PBXFileReference; lastKnownFileType = sourcecode.swift; path = ProfileControllerHeader.swift; sourceTree = "<group>"; };
/* End PBXFileReference section */

/* Begin PBXFrameworksBuildPhase section */
		E120F1A029CB38CF004DF9C6 /* Frameworks */ = {
			isa = PBXFrameworksBuildPhase;
			buildActionMask = 2147483647;
			files = (
				342EF65CD5F307394B2A8F73 /* Pods_PhotosApp.framework in Frameworks */,
			);
			runOnlyForDeploymentPostprocessing = 0;
		};
/* End PBXFrameworksBuildPhase section */

/* Begin PBXGroup section */
		7FB0D9C19BBC18D4C215F849 /* Frameworks */ = {
			isa = PBXGroup;
			children = (
				41E2DF6F80F9777E34143919 /* Pods_PhotosApp.framework */,
			);
			name = Frameworks;
			sourceTree = "<group>";
		};
		CC12EDDE123BF22903860971 /* Pods */ = {
			isa = PBXGroup;
			children = (
				11790CDD475306569432C44E /* Pods-PhotosApp.debug.xcconfig */,
				C8BC2797DBBFA5A31331491B /* Pods-PhotosApp.release.xcconfig */,
			);
			path = Pods;
			sourceTree = "<group>";
		};
		E120F19A29CB38CF004DF9C6 = {
			isa = PBXGroup;
			children = (
				E120F1A529CB38CF004DF9C6 /* PhotosApp */,
				E120F1A429CB38CF004DF9C6 /* Products */,
				CC12EDDE123BF22903860971 /* Pods */,
				7FB0D9C19BBC18D4C215F849 /* Frameworks */,
			);
			sourceTree = "<group>";
		};
		E120F1A429CB38CF004DF9C6 /* Products */ = {
			isa = PBXGroup;
			children = (
				E120F1A329CB38CF004DF9C6 /* PhotosApp.app */,
			);
			name = Products;
			sourceTree = "<group>";
		};
		E120F1A529CB38CF004DF9C6 /* PhotosApp */ = {
			isa = PBXGroup;
			children = (
				E120F1D429D24C35004DF9C6 /* GoogleService-Info.plist */,
				E120F1B429CB38D2004DF9C6 /* Info.plist */,
				E120F1BE29CB3903004DF9C6 /* Application */,
				E120F1BD29CB3901004DF9C6 /* Model */,
				E120F1BC29CB3900004DF9C6 /* View */,
				E120F1BB29CB38FE004DF9C6 /* ViewModel */,
				E120F1BA29CB38FC004DF9C6 /* Controllers */,
				E120F1D629D24F4A004DF9C6 /* Service */,
				E120F1BF29CB3921004DF9C6 /* Extensions */,
				E120F1C829CB3B48004DF9C6 /* Utility */,
			);
			path = PhotosApp;
			sourceTree = "<group>";
		};
		E120F1BA29CB38FC004DF9C6 /* Controllers */ = {
			isa = PBXGroup;
			children = (
				E146A86E2A411EC700FFF51E /* UserStatusController.swift */,
				E1D652D02A1EDB6300E3A283 /* SideMenu */,
				E1D652C52A1EBF8E00E3A283 /* TabControllers */,
				E120F1D129CB9CB4004DF9C6 /* Authentication */,
			);
			path = Controllers;
			sourceTree = "<group>";
		};
		E120F1BB29CB38FE004DF9C6 /* ViewModel */ = {
			isa = PBXGroup;
			children = (
				E146A86B2A33CB8400FFF51E /* User */,
				E16A05A329F0ABA80013BB7B /* Authentication */,
			);
			path = ViewModel;
			sourceTree = "<group>";
		};
		E120F1BC29CB3900004DF9C6 /* View */ = {
			isa = PBXGroup;
			children = (
				E12E46062A2EAB8800BA8B1F /* SearchController */,
				E12E46052A2EAB7B00BA8B1F /* SideMenu */,
				E12E46042A2EAB6200BA8B1F /* ProfileControllerViews */,
			);
			path = View;
			sourceTree = "<group>";
		};
		E120F1BD29CB3901004DF9C6 /* Model */ = {
			isa = PBXGroup;
			children = (
				E120F1D929D250F4004DF9C6 /* AuthCredentials.swift */,
				E1D652C32A1EB9DE00E3A283 /* User.swift */,
			);
			path = Model;
			sourceTree = "<group>";
		};
		E120F1BE29CB3903004DF9C6 /* Application */ = {
			isa = PBXGroup;
			children = (
				E120F1AF29CB38D2004DF9C6 /* Assets.xcassets */,
				E120F1A829CB38CF004DF9C6 /* SceneDelegate.swift */,
				E120F1A629CB38CF004DF9C6 /* AppDelegate.swift */,
				E120F1C029CB3A18004DF9C6 /* SplashViewController.swift */,
			);
			path = Application;
			sourceTree = "<group>";
		};
		E120F1BF29CB3921004DF9C6 /* Extensions */ = {
			isa = PBXGroup;
			children = (
				E120F1C229CB3A61004DF9C6 /* Constraints.swift */,
				E120F1C429CB3A7E004DF9C6 /* Color.swift */,
				E120F1C629CB3A9A004DF9C6 /* Extensions.swift */,
			);
			path = Extensions;
			sourceTree = "<group>";
		};
		E120F1C829CB3B48004DF9C6 /* Utility */ = {
			isa = PBXGroup;
			children = (
				E120F1C929CB3B9D004DF9C6 /* AppConstants.swift */,
			);
			path = Utility;
			sourceTree = "<group>";
		};
		E120F1D129CB9CB4004DF9C6 /* Authentication */ = {
			isa = PBXGroup;
			children = (
				E120F1CB29CB6553004DF9C6 /* LoginController.swift */,
				E120F1CF29CB9CB0004DF9C6 /* SignupController.swift */,
			);
			path = Authentication;
			sourceTree = "<group>";
		};
		E120F1D629D24F4A004DF9C6 /* Service */ = {
			isa = PBXGroup;
			children = (
				E120F1D729D250A2004DF9C6 /* AuthService.swift */,
				E1D652C12A1EB8B200E3A283 /* UserService.swift */,
			);
			path = Service;
			sourceTree = "<group>";
		};
		E12E46042A2EAB6200BA8B1F /* ProfileControllerViews */ = {
			isa = PBXGroup;
			children = (
				E12E46022A29645C00BA8B1F /* ProfileFilterCell.swift */,
				E12E46002A295FE800BA8B1F /* ProfileFilterHeaderView.swift */,
				E1D652D52A2572C800E3A283 /* ProfileControllerHeader.swift */,
				E146A8702A424AF000FFF51E /* ProfileStatusView */,
			);
			path = ProfileControllerViews;
			sourceTree = "<group>";
		};
		E12E46052A2EAB7B00BA8B1F /* SideMenu */ = {
			isa = PBXGroup;
			children = (
				E1D652D32A200A9600E3A283 /* SideMenuViewHeader.swift */,
			);
			path = SideMenu;
			sourceTree = "<group>";
		};
		E12E46062A2EAB8800BA8B1F /* SearchController */ = {
			isa = PBXGroup;
			children = (
				E12E46072A2EABA000BA8B1F /* SearchProfilesCell.swift */,
			);
			path = SearchController;
			sourceTree = "<group>";
		};
		E146A86B2A33CB8400FFF51E /* User */ = {
			isa = PBXGroup;
			children = (
				E146A86C2A33CBAE00FFF51E /* ProfileViewModel.swift */,
			);
			path = User;
			sourceTree = "<group>";
		};
		E146A8702A424AF000FFF51E /* ProfileStatusView */ = {
			isa = PBXGroup;
			children = (
				E146A8712A424C7D00FFF51E /* ProfileStatusFilterHeaderView.swift */,
				E146A8732A424F1200FFF51E /* ProfileStatusFilterCell.swift */,
			);
			path = ProfileStatusView;
			sourceTree = "<group>";
		};
		E16A05A329F0ABA80013BB7B /* Authentication */ = {
			isa = PBXGroup;
			children = (
				E120F1D229CBAD58004DF9C6 /* SignupViewModel.swift */,
				E120F1CD29CB9283004DF9C6 /* LoginViewModel.swift */,
			);
			path = Authentication;
			sourceTree = "<group>";
		};
		E1D652C52A1EBF8E00E3A283 /* TabControllers */ = {
			isa = PBXGroup;
			children = (
				E1D652BF2A1D933100E3A283 /* MainTabController.swift */,
				E1D652C62A1EC49200E3A283 /* HomeViewController.swift */,
				E1D652C82A1EC4C800E3A283 /* SearchController.swift */,
				E1D652CA2A1EC4F500E3A283 /* PostController.swift */,
				E1D652CC2A1EC50900E3A283 /* NotificationsController.swift */,
				E1D652CE2A1EC52600E3A283 /* ProfileController.swift */,
			);
			path = TabControllers;
			sourceTree = "<group>";
		};
		E1D652D02A1EDB6300E3A283 /* SideMenu */ = {
			isa = PBXGroup;
			children = (
				E1D652D12A1EDB7B00E3A283 /* SideMenuController.swift */,
			);
			path = SideMenu;
			sourceTree = "<group>";
		};
/* End PBXGroup section */

/* Begin PBXNativeTarget section */
		E120F1A229CB38CF004DF9C6 /* PhotosApp */ = {
			isa = PBXNativeTarget;
			buildConfigurationList = E120F1B729CB38D2004DF9C6 /* Build configuration list for PBXNativeTarget "PhotosApp" */;
			buildPhases = (
				8790986E5877BA1D66A27E58 /* [CP] Check Pods Manifest.lock */,
				E120F19F29CB38CF004DF9C6 /* Sources */,
				E120F1A029CB38CF004DF9C6 /* Frameworks */,
				E120F1A129CB38CF004DF9C6 /* Resources */,
				327CAFE70342232FA966EA60 /* [CP] Embed Pods Frameworks */,
			);
			buildRules = (
			);
			dependencies = (
			);
			name = PhotosApp;
			productName = PhotosApp;
			productReference = E120F1A329CB38CF004DF9C6 /* PhotosApp.app */;
			productType = "com.apple.product-type.application";
		};
/* End PBXNativeTarget section */

/* Begin PBXProject section */
		E120F19B29CB38CF004DF9C6 /* Project object */ = {
			isa = PBXProject;
			attributes = {
				BuildIndependentTargetsInParallel = 1;
				LastSwiftUpdateCheck = 1420;
				LastUpgradeCheck = 1420;
				TargetAttributes = {
					E120F1A229CB38CF004DF9C6 = {
						CreatedOnToolsVersion = 14.2;
					};
				};
			};
			buildConfigurationList = E120F19E29CB38CF004DF9C6 /* Build configuration list for PBXProject "PhotosApp" */;
			compatibilityVersion = "Xcode 13.0";
			developmentRegion = en;
			hasScannedForEncodings = 0;
			knownRegions = (
				en,
				Base,
			);
			mainGroup = E120F19A29CB38CF004DF9C6;
			productRefGroup = E120F1A429CB38CF004DF9C6 /* Products */;
			projectDirPath = "";
			projectRoot = "";
			targets = (
				E120F1A229CB38CF004DF9C6 /* PhotosApp */,
			);
		};
/* End PBXProject section */

/* Begin PBXResourcesBuildPhase section */
		E120F1A129CB38CF004DF9C6 /* Resources */ = {
			isa = PBXResourcesBuildPhase;
			buildActionMask = 2147483647;
			files = (
				E120F1B029CB38D2004DF9C6 /* Assets.xcassets in Resources */,
				E120F1D529D24C35004DF9C6 /* GoogleService-Info.plist in Resources */,
			);
			runOnlyForDeploymentPostprocessing = 0;
		};
/* End PBXResourcesBuildPhase section */

/* Begin PBXShellScriptBuildPhase section */
		327CAFE70342232FA966EA60 /* [CP] Embed Pods Frameworks */ = {
			isa = PBXShellScriptBuildPhase;
			buildActionMask = 2147483647;
			files = (
			);
			inputFileListPaths = (
				"${PODS_ROOT}/Target Support Files/Pods-PhotosApp/Pods-PhotosApp-frameworks-${CONFIGURATION}-input-files.xcfilelist",
			);
			name = "[CP] Embed Pods Frameworks";
			outputFileListPaths = (
				"${PODS_ROOT}/Target Support Files/Pods-PhotosApp/Pods-PhotosApp-frameworks-${CONFIGURATION}-output-files.xcfilelist",
			);
			runOnlyForDeploymentPostprocessing = 0;
			shellPath = /bin/sh;
			shellScript = "\"${PODS_ROOT}/Target Support Files/Pods-PhotosApp/Pods-PhotosApp-frameworks.sh\"\n";
			showEnvVarsInLog = 0;
		};
		8790986E5877BA1D66A27E58 /* [CP] Check Pods Manifest.lock */ = {
			isa = PBXShellScriptBuildPhase;
			buildActionMask = 2147483647;
			files = (
			);
			inputFileListPaths = (
			);
			inputPaths = (
				"${PODS_PODFILE_DIR_PATH}/Podfile.lock",
				"${PODS_ROOT}/Manifest.lock",
			);
			name = "[CP] Check Pods Manifest.lock";
			outputFileListPaths = (
			);
			outputPaths = (
				"$(DERIVED_FILE_DIR)/Pods-PhotosApp-checkManifestLockResult.txt",
			);
			runOnlyForDeploymentPostprocessing = 0;
			shellPath = /bin/sh;
			shellScript = "diff \"${PODS_PODFILE_DIR_PATH}/Podfile.lock\" \"${PODS_ROOT}/Manifest.lock\" > /dev/null\nif [ $? != 0 ] ; then\n    # print error to STDERR\n    echo \"error: The sandbox is not in sync with the Podfile.lock. Run 'pod install' or update your CocoaPods installation.\" >&2\n    exit 1\nfi\n# This output is used by Xcode 'outputs' to avoid re-running this script phase.\necho \"SUCCESS\" > \"${SCRIPT_OUTPUT_FILE_0}\"\n";
			showEnvVarsInLog = 0;
		};
/* End PBXShellScriptBuildPhase section */

/* Begin PBXSourcesBuildPhase section */
		E120F19F29CB38CF004DF9C6 /* Sources */ = {
			isa = PBXSourcesBuildPhase;
			buildActionMask = 2147483647;
			files = (
				E1D652CB2A1EC4F500E3A283 /* PostController.swift in Sources */,
				E12E46012A295FE900BA8B1F /* ProfileFilterHeaderView.swift in Sources */,
				E1D652D22A1EDB7B00E3A283 /* SideMenuController.swift in Sources */,
				E120F1C329CB3A61004DF9C6 /* Constraints.swift in Sources */,
				E1D652CD2A1EC50900E3A283 /* NotificationsController.swift in Sources */,
				E146A8742A424F1200FFF51E /* ProfileStatusFilterCell.swift in Sources */,
				E120F1C729CB3A9A004DF9C6 /* Extensions.swift in Sources */,
				E1D652C02A1D933100E3A283 /* MainTabController.swift in Sources */,
				E1D652C72A1EC49200E3A283 /* HomeViewController.swift in Sources */,
				E120F1C129CB3A18004DF9C6 /* SplashViewController.swift in Sources */,
				E1D652C42A1EB9DE00E3A283 /* User.swift in Sources */,
				E146A86F2A411EC700FFF51E /* UserStatusController.swift in Sources */,
				E120F1D829D250A2004DF9C6 /* AuthService.swift in Sources */,
				E1D652C92A1EC4C800E3A283 /* SearchController.swift in Sources */,
				E120F1D029CB9CB0004DF9C6 /* SignupController.swift in Sources */,
				E120F1DA29D250F4004DF9C6 /* AuthCredentials.swift in Sources */,
				E120F1A729CB38CF004DF9C6 /* AppDelegate.swift in Sources */,
				E146A8722A424C7D00FFF51E /* ProfileStatusFilterHeaderView.swift in Sources */,
				E12E46082A2EABA000BA8B1F /* SearchProfilesCell.swift in Sources */,
				E12E46032A29645C00BA8B1F /* ProfileFilterCell.swift in Sources */,
				E146A86D2A33CBAE00FFF51E /* ProfileViewModel.swift in Sources */,
				E1D652D62A2572C800E3A283 /* ProfileControllerHeader.swift in Sources */,
				E1D652D42A200A9600E3A283 /* SideMenuViewHeader.swift in Sources */,
				E120F1D329CBAD58004DF9C6 /* SignupViewModel.swift in Sources */,
				E1D652CF2A1EC52600E3A283 /* ProfileController.swift in Sources */,
				E120F1CC29CB6553004DF9C6 /* LoginController.swift in Sources */,
				E120F1CA29CB3B9D004DF9C6 /* AppConstants.swift in Sources */,
				E1D652C22A1EB8B200E3A283 /* UserService.swift in Sources */,
				E120F1C529CB3A7E004DF9C6 /* Color.swift in Sources */,
				E120F1A929CB38CF004DF9C6 /* SceneDelegate.swift in Sources */,
				E120F1CE29CB9283004DF9C6 /* LoginViewModel.swift in Sources */,
			);
			runOnlyForDeploymentPostprocessing = 0;
		};
/* End PBXSourcesBuildPhase section */

/* Begin XCBuildConfiguration section */
		E120F1B529CB38D2004DF9C6 /* Debug */ = {
			isa = XCBuildConfiguration;
			buildSettings = {
				ALWAYS_SEARCH_USER_PATHS = NO;
				CLANG_ANALYZER_NONNULL = YES;
				CLANG_ANALYZER_NUMBER_OBJECT_CONVERSION = YES_AGGRESSIVE;
				CLANG_CXX_LANGUAGE_STANDARD = "gnu++20";
				CLANG_ENABLE_MODULES = YES;
				CLANG_ENABLE_OBJC_ARC = YES;
				CLANG_ENABLE_OBJC_WEAK = YES;
				CLANG_WARN_BLOCK_CAPTURE_AUTORELEASING = YES;
				CLANG_WARN_BOOL_CONVERSION = YES;
				CLANG_WARN_COMMA = YES;
				CLANG_WARN_CONSTANT_CONVERSION = YES;
				CLANG_WARN_DEPRECATED_OBJC_IMPLEMENTATIONS = YES;
				CLANG_WARN_DIRECT_OBJC_ISA_USAGE = YES_ERROR;
				CLANG_WARN_DOCUMENTATION_COMMENTS = YES;
				CLANG_WARN_EMPTY_BODY = YES;
				CLANG_WARN_ENUM_CONVERSION = YES;
				CLANG_WARN_INFINITE_RECURSION = YES;
				CLANG_WARN_INT_CONVERSION = YES;
				CLANG_WARN_NON_LITERAL_NULL_CONVERSION = YES;
				CLANG_WARN_OBJC_IMPLICIT_RETAIN_SELF = YES;
				CLANG_WARN_OBJC_LITERAL_CONVERSION = YES;
				CLANG_WARN_OBJC_ROOT_CLASS = YES_ERROR;
				CLANG_WARN_QUOTED_INCLUDE_IN_FRAMEWORK_HEADER = YES;
				CLANG_WARN_RANGE_LOOP_ANALYSIS = YES;
				CLANG_WARN_STRICT_PROTOTYPES = YES;
				CLANG_WARN_SUSPICIOUS_MOVE = YES;
				CLANG_WARN_UNGUARDED_AVAILABILITY = YES_AGGRESSIVE;
				CLANG_WARN_UNREACHABLE_CODE = YES;
				CLANG_WARN__DUPLICATE_METHOD_MATCH = YES;
				COPY_PHASE_STRIP = NO;
				DEBUG_INFORMATION_FORMAT = dwarf;
				ENABLE_STRICT_OBJC_MSGSEND = YES;
				ENABLE_TESTABILITY = YES;
				GCC_C_LANGUAGE_STANDARD = gnu11;
				GCC_DYNAMIC_NO_PIC = NO;
				GCC_NO_COMMON_BLOCKS = YES;
				GCC_OPTIMIZATION_LEVEL = 0;
				GCC_PREPROCESSOR_DEFINITIONS = (
					"DEBUG=1",
					"$(inherited)",
				);
				GCC_WARN_64_TO_32_BIT_CONVERSION = YES;
				GCC_WARN_ABOUT_RETURN_TYPE = YES_ERROR;
				GCC_WARN_UNDECLARED_SELECTOR = YES;
				GCC_WARN_UNINITIALIZED_AUTOS = YES_AGGRESSIVE;
				GCC_WARN_UNUSED_FUNCTION = YES;
				GCC_WARN_UNUSED_VARIABLE = YES;
				IPHONEOS_DEPLOYMENT_TARGET = 13.0;
				MTL_ENABLE_DEBUG_INFO = INCLUDE_SOURCE;
				MTL_FAST_MATH = YES;
				ONLY_ACTIVE_ARCH = YES;
				SDKROOT = iphoneos;
				SWIFT_ACTIVE_COMPILATION_CONDITIONS = DEBUG;
				SWIFT_OPTIMIZATION_LEVEL = "-Onone";
			};
			name = Debug;
		};
		E120F1B629CB38D2004DF9C6 /* Release */ = {
			isa = XCBuildConfiguration;
			buildSettings = {
				ALWAYS_SEARCH_USER_PATHS = NO;
				CLANG_ANALYZER_NONNULL = YES;
				CLANG_ANALYZER_NUMBER_OBJECT_CONVERSION = YES_AGGRESSIVE;
				CLANG_CXX_LANGUAGE_STANDARD = "gnu++20";
				CLANG_ENABLE_MODULES = YES;
				CLANG_ENABLE_OBJC_ARC = YES;
				CLANG_ENABLE_OBJC_WEAK = YES;
				CLANG_WARN_BLOCK_CAPTURE_AUTORELEASING = YES;
				CLANG_WARN_BOOL_CONVERSION = YES;
				CLANG_WARN_COMMA = YES;
				CLANG_WARN_CONSTANT_CONVERSION = YES;
				CLANG_WARN_DEPRECATED_OBJC_IMPLEMENTATIONS = YES;
				CLANG_WARN_DIRECT_OBJC_ISA_USAGE = YES_ERROR;
				CLANG_WARN_DOCUMENTATION_COMMENTS = YES;
				CLANG_WARN_EMPTY_BODY = YES;
				CLANG_WARN_ENUM_CONVERSION = YES;
				CLANG_WARN_INFINITE_RECURSION = YES;
				CLANG_WARN_INT_CONVERSION = YES;
				CLANG_WARN_NON_LITERAL_NULL_CONVERSION = YES;
				CLANG_WARN_OBJC_IMPLICIT_RETAIN_SELF = YES;
				CLANG_WARN_OBJC_LITERAL_CONVERSION = YES;
				CLANG_WARN_OBJC_ROOT_CLASS = YES_ERROR;
				CLANG_WARN_QUOTED_INCLUDE_IN_FRAMEWORK_HEADER = YES;
				CLANG_WARN_RANGE_LOOP_ANALYSIS = YES;
				CLANG_WARN_STRICT_PROTOTYPES = YES;
				CLANG_WARN_SUSPICIOUS_MOVE = YES;
				CLANG_WARN_UNGUARDED_AVAILABILITY = YES_AGGRESSIVE;
				CLANG_WARN_UNREACHABLE_CODE = YES;
				CLANG_WARN__DUPLICATE_METHOD_MATCH = YES;
				COPY_PHASE_STRIP = NO;
				DEBUG_INFORMATION_FORMAT = "dwarf-with-dsym";
				ENABLE_NS_ASSERTIONS = NO;
				ENABLE_STRICT_OBJC_MSGSEND = YES;
				GCC_C_LANGUAGE_STANDARD = gnu11;
				GCC_NO_COMMON_BLOCKS = YES;
				GCC_WARN_64_TO_32_BIT_CONVERSION = YES;
				GCC_WARN_ABOUT_RETURN_TYPE = YES_ERROR;
				GCC_WARN_UNDECLARED_SELECTOR = YES;
				GCC_WARN_UNINITIALIZED_AUTOS = YES_AGGRESSIVE;
				GCC_WARN_UNUSED_FUNCTION = YES;
				GCC_WARN_UNUSED_VARIABLE = YES;
				IPHONEOS_DEPLOYMENT_TARGET = 13.0;
				MTL_ENABLE_DEBUG_INFO = NO;
				MTL_FAST_MATH = YES;
				SDKROOT = iphoneos;
				SWIFT_COMPILATION_MODE = wholemodule;
				SWIFT_OPTIMIZATION_LEVEL = "-O";
				VALIDATE_PRODUCT = YES;
			};
			name = Release;
		};
		E120F1B829CB38D2004DF9C6 /* Debug */ = {
			isa = XCBuildConfiguration;
			baseConfigurationReference = 11790CDD475306569432C44E /* Pods-PhotosApp.debug.xcconfig */;
			buildSettings = {
				ASSETCATALOG_COMPILER_APPICON_NAME = AppIcon;
				ASSETCATALOG_COMPILER_GLOBAL_ACCENT_COLOR_NAME = AccentColor;
				CODE_SIGN_STYLE = Automatic;
				CURRENT_PROJECT_VERSION = 1;
				DEVELOPMENT_TEAM = KRQ8Y2FQP3;
				GENERATE_INFOPLIST_FILE = YES;
				INFOPLIST_FILE = PhotosApp/Info.plist;
				INFOPLIST_KEY_UIApplicationSupportsIndirectInputEvents = YES;
				INFOPLIST_KEY_UILaunchStoryboardName = LaunchScreen;
				INFOPLIST_KEY_UISupportedInterfaceOrientations_iPad = "UIInterfaceOrientationPortrait UIInterfaceOrientationPortraitUpsideDown UIInterfaceOrientationLandscapeLeft UIInterfaceOrientationLandscapeRight";
				INFOPLIST_KEY_UISupportedInterfaceOrientations_iPhone = "UIInterfaceOrientationPortrait UIInterfaceOrientationLandscapeLeft UIInterfaceOrientationLandscapeRight";
				IPHONEOS_DEPLOYMENT_TARGET = 13.0;
				LD_RUNPATH_SEARCH_PATHS = (
					"$(inherited)",
					"@executable_path/Frameworks",
				);
				MARKETING_VERSION = 1.0;
				PRODUCT_BUNDLE_IDENTIFIER = com.WallStudy.PhotosApp;
				PRODUCT_NAME = "$(TARGET_NAME)";
				SWIFT_EMIT_LOC_STRINGS = YES;
				SWIFT_VERSION = 5.0;
				TARGETED_DEVICE_FAMILY = "1,2";
			};
			name = Debug;
		};
		E120F1B929CB38D2004DF9C6 /* Release */ = {
			isa = XCBuildConfiguration;
			baseConfigurationReference = C8BC2797DBBFA5A31331491B /* Pods-PhotosApp.release.xcconfig */;
			buildSettings = {
				ASSETCATALOG_COMPILER_APPICON_NAME = AppIcon;
				ASSETCATALOG_COMPILER_GLOBAL_ACCENT_COLOR_NAME = AccentColor;
				CODE_SIGN_STYLE = Automatic;
				CURRENT_PROJECT_VERSION = 1;
				DEVELOPMENT_TEAM = KRQ8Y2FQP3;
				GENERATE_INFOPLIST_FILE = YES;
				INFOPLIST_FILE = PhotosApp/Info.plist;
				INFOPLIST_KEY_UIApplicationSupportsIndirectInputEvents = YES;
				INFOPLIST_KEY_UILaunchStoryboardName = LaunchScreen;
				INFOPLIST_KEY_UISupportedInterfaceOrientations_iPad = "UIInterfaceOrientationPortrait UIInterfaceOrientationPortraitUpsideDown UIInterfaceOrientationLandscapeLeft UIInterfaceOrientationLandscapeRight";
				INFOPLIST_KEY_UISupportedInterfaceOrientations_iPhone = "UIInterfaceOrientationPortrait UIInterfaceOrientationLandscapeLeft UIInterfaceOrientationLandscapeRight";
				IPHONEOS_DEPLOYMENT_TARGET = 13.0;
				LD_RUNPATH_SEARCH_PATHS = (
					"$(inherited)",
					"@executable_path/Frameworks",
				);
				MARKETING_VERSION = 1.0;
				PRODUCT_BUNDLE_IDENTIFIER = com.WallStudy.PhotosApp;
				PRODUCT_NAME = "$(TARGET_NAME)";
				SWIFT_EMIT_LOC_STRINGS = YES;
				SWIFT_VERSION = 5.0;
				TARGETED_DEVICE_FAMILY = "1,2";
			};
			name = Release;
		};
/* End XCBuildConfiguration section */

/* Begin XCConfigurationList section */
		E120F19E29CB38CF004DF9C6 /* Build configuration list for PBXProject "PhotosApp" */ = {
			isa = XCConfigurationList;
			buildConfigurations = (
				E120F1B529CB38D2004DF9C6 /* Debug */,
				E120F1B629CB38D2004DF9C6 /* Release */,
			);
			defaultConfigurationIsVisible = 0;
			defaultConfigurationName = Release;
		};
		E120F1B729CB38D2004DF9C6 /* Build configuration list for PBXNativeTarget "PhotosApp" */ = {
			isa = XCConfigurationList;
			buildConfigurations = (
				E120F1B829CB38D2004DF9C6 /* Debug */,
				E120F1B929CB38D2004DF9C6 /* Release */,
			);
			defaultConfigurationIsVisible = 0;
			defaultConfigurationName = Release;
		};
/* End XCConfigurationList section */
	};
	rootObject = E120F19B29CB38CF004DF9C6 /* Project object */;
}
