// !$*UTF8*$!
{
	archiveVersion = 1;
	classes = {
	};
	objectVersion = 55;
	objects = {

/* Begin PBXBuildFile section */
		E120F1A729CB38CF004DF9C6 /* AppDelegate.swift in Sources */ = {isa = PBXBuildFile; fileRef = E120F1A629CB38CF004DF9C6 /* AppDelegate.swift */; };
		E120F1A929CB38CF004DF9C6 /* SceneDelegate.swift in Sources */ = {isa = PBXBuildFile; fileRef = E120F1A829CB38CF004DF9C6 /* SceneDelegate.swift */; };
		E120F1B029CB38D2004DF9C6 /* Assets.xcassets in Resources */ = {isa = PBXBuildFile; fileRef = E120F1AF29CB38D2004DF9C6 /* Assets.xcassets */; };
		E120F1C129CB3A18004DF9C6 /* SplashViewController.swift in Sources */ = {isa = PBXBuildFile; fileRef = E120F1C029CB3A18004DF9C6 /* SplashViewController.swift */; };
		E120F1C329CB3A61004DF9C6 /* Constraints.swift in Sources */ = {isa = PBXBuildFile; fileRef = E120F1C229CB3A61004DF9C6 /* Constraints.swift */; };
		E120F1C529CB3A7E004DF9C6 /* Color.swift in Sources */ = {isa = PBXBuildFile; fileRef = E120F1C429CB3A7E004DF9C6 /* Color.swift */; };
		E120F1C729CB3A9A004DF9C6 /* Extensions.swift in Sources */ = {isa = PBXBuildFile; fileRef = E120F1C629CB3A9A004DF9C6 /* Extensions.swift */; };
		E120F1CA29CB3B9D004DF9C6 /* AppConstants.swift in Sources */ = {isa = PBXBuildFile; fileRef = E120F1C929CB3B9D004DF9C6 /* AppConstants.swift */; };
		E120F1CC29CB6553004DF9C6 /* LoginController.swift in Sources */ = {isa = PBXBuildFile; fileRef = E120F1CB29CB6553004DF9C6 /* LoginController.swift */; };
		E120F1CE29CB9283004DF9C6 /* LoginViewModel.swift in Sources */ = {isa = PBXBuildFile; fileRef = E120F1CD29CB9283004DF9C6 /* LoginViewModel.swift */; };
		E120F1D029CB9CB0004DF9C6 /* SignupController.swift in Sources */ = {isa = PBXBuildFile; fileRef = E120F1CF29CB9CB0004DF9C6 /* SignupController.swift */; };
		E120F1D329CBAD58004DF9C6 /* SignupViewModel.swift in Sources */ = {isa = PBXBuildFile; fileRef = E120F1D229CBAD58004DF9C6 /* SignupViewModel.swift */; };
/* End PBXBuildFile section */

/* Begin PBXFileReference section */
		E120F1A329CB38CF004DF9C6 /* PhotosApp.app */ = {isa = PBXFileReference; explicitFileType = wrapper.application; includeInIndex = 0; path = PhotosApp.app; sourceTree = BUILT_PRODUCTS_DIR; };
		E120F1A629CB38CF004DF9C6 /* AppDelegate.swift */ = {isa = PBXFileReference; lastKnownFileType = sourcecode.swift; path = AppDelegate.swift; sourceTree = "<group>"; };
		E120F1A829CB38CF004DF9C6 /* SceneDelegate.swift */ = {isa = PBXFileReference; lastKnownFileType = sourcecode.swift; path = SceneDelegate.swift; sourceTree = "<group>"; };
		E120F1AF29CB38D2004DF9C6 /* Assets.xcassets */ = {isa = PBXFileReference; lastKnownFileType = folder.assetcatalog; path = Assets.xcassets; sourceTree = "<group>"; };
		E120F1B429CB38D2004DF9C6 /* Info.plist */ = {isa = PBXFileReference; lastKnownFileType = text.plist.xml; path = Info.plist; sourceTree = "<group>"; };
		E120F1C029CB3A18004DF9C6 /* SplashViewController.swift */ = {isa = PBXFileReference; lastKnownFileType = sourcecode.swift; path = SplashViewController.swift; sourceTree = "<group>"; };
		E120F1C229CB3A61004DF9C6 /* Constraints.swift */ = {isa = PBXFileReference; lastKnownFileType = sourcecode.swift; path = Constraints.swift; sourceTree = "<group>"; };
		E120F1C429CB3A7E004DF9C6 /* Color.swift */ = {isa = PBXFileReference; lastKnownFileType = sourcecode.swift; path = Color.swift; sourceTree = "<group>"; };
		E120F1C629CB3A9A004DF9C6 /* Extensions.swift */ = {isa = PBXFileReference; lastKnownFileType = sourcecode.swift; path = Extensions.swift; sourceTree = "<group>"; };
		E120F1C929CB3B9D004DF9C6 /* AppConstants.swift */ = {isa = PBXFileReference; lastKnownFileType = sourcecode.swift; path = AppConstants.swift; sourceTree = "<group>"; };
		E120F1CB29CB6553004DF9C6 /* LoginController.swift */ = {isa = PBXFileReference; lastKnownFileType = sourcecode.swift; path = LoginController.swift; sourceTree = "<group>"; };
		E120F1CD29CB9283004DF9C6 /* LoginViewModel.swift */ = {isa = PBXFileReference; lastKnownFileType = sourcecode.swift; path = LoginViewModel.swift; sourceTree = "<group>"; };
		E120F1CF29CB9CB0004DF9C6 /* SignupController.swift */ = {isa = PBXFileReference; lastKnownFileType = sourcecode.swift; path = SignupController.swift; sourceTree = "<group>"; };
		E120F1D229CBAD58004DF9C6 /* SignupViewModel.swift */ = {isa = PBXFileReference; lastKnownFileType = sourcecode.swift; path = SignupViewModel.swift; sourceTree = "<group>"; };
/* End PBXFileReference section */

/* Begin PBXFrameworksBuildPhase section */
		E120F1A029CB38CF004DF9C6 /* Frameworks */ = {
			isa = PBXFrameworksBuildPhase;
			buildActionMask = 2147483647;
			files = (
			);
			runOnlyForDeploymentPostprocessing = 0;
		};
/* End PBXFrameworksBuildPhase section */

/* Begin PBXGroup section */
		E120F19A29CB38CF004DF9C6 = {
			isa = PBXGroup;
			children = (
				E120F1A529CB38CF004DF9C6 /* PhotosApp */,
				E120F1A429CB38CF004DF9C6 /* Products */,
			);
			sourceTree = "<group>";
		};
		E120F1A429CB38CF004DF9C6 /* Products */ = {
			isa = PBXGroup;
			children = (
				E120F1A329CB38CF004DF9C6 /* PhotosApp.app */,
			);
			name = Products;
			sourceTree = "<group>";
		};
		E120F1A529CB38CF004DF9C6 /* PhotosApp */ = {
			isa = PBXGroup;
			children = (
				E120F1B429CB38D2004DF9C6 /* Info.plist */,
				E120F1BE29CB3903004DF9C6 /* Application */,
				E120F1BD29CB3901004DF9C6 /* Model */,
				E120F1BC29CB3900004DF9C6 /* View */,
				E120F1BB29CB38FE004DF9C6 /* ViewModel */,
				E120F1BA29CB38FC004DF9C6 /* Controllers */,
				E120F1C829CB3B48004DF9C6 /* Utility */,
				E120F1BF29CB3921004DF9C6 /* Extensions */,
			);
			path = PhotosApp;
			sourceTree = "<group>";
		};
		E120F1BA29CB38FC004DF9C6 /* Controllers */ = {
			isa = PBXGroup;
			children = (
				E120F1D129CB9CB4004DF9C6 /* Authentication */,
			);
			path = Controllers;
			sourceTree = "<group>";
		};
		E120F1BB29CB38FE004DF9C6 /* ViewModel */ = {
			isa = PBXGroup;
			children = (
				E120F1CD29CB9283004DF9C6 /* LoginViewModel.swift */,
				E120F1D229CBAD58004DF9C6 /* SignupViewModel.swift */,
			);
			path = ViewModel;
			sourceTree = "<group>";
		};
		E120F1BC29CB3900004DF9C6 /* View */ = {
			isa = PBXGroup;
			children = (
			);
			path = View;
			sourceTree = "<group>";
		};
		E120F1BD29CB3901004DF9C6 /* Model */ = {
			isa = PBXGroup;
			children = (
			);
			path = Model;
			sourceTree = "<group>";
		};
		E120F1BE29CB3903004DF9C6 /* Application */ = {
			isa = PBXGroup;
			children = (
				E120F1AF29CB38D2004DF9C6 /* Assets.xcassets */,
				E120F1A829CB38CF004DF9C6 /* SceneDelegate.swift */,
				E120F1A629CB38CF004DF9C6 /* AppDelegate.swift */,
				E120F1C029CB3A18004DF9C6 /* SplashViewController.swift */,
			);
			path = Application;
			sourceTree = "<group>";
		};
		E120F1BF29CB3921004DF9C6 /* Extensions */ = {
			isa = PBXGroup;
			children = (
				E120F1C229CB3A61004DF9C6 /* Constraints.swift */,
				E120F1C429CB3A7E004DF9C6 /* Color.swift */,
				E120F1C629CB3A9A004DF9C6 /* Extensions.swift */,
			);
			path = Extensions;
			sourceTree = "<group>";
		};
		E120F1C829CB3B48004DF9C6 /* Utility */ = {
			isa = PBXGroup;
			children = (
				E120F1C929CB3B9D004DF9C6 /* AppConstants.swift */,
			);
			path = Utility;
			sourceTree = "<group>";
		};
		E120F1D129CB9CB4004DF9C6 /* Authentication */ = {
			isa = PBXGroup;
			children = (
				E120F1CB29CB6553004DF9C6 /* LoginController.swift */,
				E120F1CF29CB9CB0004DF9C6 /* SignupController.swift */,
			);
			path = Authentication;
			sourceTree = "<group>";
		};
/* End PBXGroup section */

/* Begin PBXNativeTarget section */
		E120F1A229CB38CF004DF9C6 /* PhotosApp */ = {
			isa = PBXNativeTarget;
			buildConfigurationList = E120F1B729CB38D2004DF9C6 /* Build configuration list for PBXNativeTarget "PhotosApp" */;
			buildPhases = (
				E120F19F29CB38CF004DF9C6 /* Sources */,
				E120F1A029CB38CF004DF9C6 /* Frameworks */,
				E120F1A129CB38CF004DF9C6 /* Resources */,
			);
			buildRules = (
			);
			dependencies = (
			);
			name = PhotosApp;
			productName = PhotosApp;
			productReference = E120F1A329CB38CF004DF9C6 /* PhotosApp.app */;
			productType = "com.apple.product-type.application";
		};
/* End PBXNativeTarget section */

/* Begin PBXProject section */
		E120F19B29CB38CF004DF9C6 /* Project object */ = {
			isa = PBXProject;
			attributes = {
				BuildIndependentTargetsInParallel = 1;
				LastSwiftUpdateCheck = 1420;
				LastUpgradeCheck = 1420;
				TargetAttributes = {
					E120F1A229CB38CF004DF9C6 = {
						CreatedOnToolsVersion = 14.2;
					};
				};
			};
			buildConfigurationList = E120F19E29CB38CF004DF9C6 /* Build configuration list for PBXProject "PhotosApp" */;
			compatibilityVersion = "Xcode 13.0";
			developmentRegion = en;
			hasScannedForEncodings = 0;
			knownRegions = (
				en,
				Base,
			);
			mainGroup = E120F19A29CB38CF004DF9C6;
			productRefGroup = E120F1A429CB38CF004DF9C6 /* Products */;
			projectDirPath = "";
			projectRoot = "";
			targets = (
				E120F1A229CB38CF004DF9C6 /* PhotosApp */,
			);
		};
/* End PBXProject section */

/* Begin PBXResourcesBuildPhase section */
		E120F1A129CB38CF004DF9C6 /* Resources */ = {
			isa = PBXResourcesBuildPhase;
			buildActionMask = 2147483647;
			files = (
				E120F1B029CB38D2004DF9C6 /* Assets.xcassets in Resources */,
			);
			runOnlyForDeploymentPostprocessing = 0;
		};
/* End PBXResourcesBuildPhase section */

/* Begin PBXSourcesBuildPhase section */
		E120F19F29CB38CF004DF9C6 /* Sources */ = {
			isa = PBXSourcesBuildPhase;
			buildActionMask = 2147483647;
			files = (
				E120F1C329CB3A61004DF9C6 /* Constraints.swift in Sources */,
				E120F1C729CB3A9A004DF9C6 /* Extensions.swift in Sources */,
				E120F1C129CB3A18004DF9C6 /* SplashViewController.swift in Sources */,
				E120F1D029CB9CB0004DF9C6 /* SignupController.swift in Sources */,
				E120F1A729CB38CF004DF9C6 /* AppDelegate.swift in Sources */,
				E120F1D329CBAD58004DF9C6 /* SignupViewModel.swift in Sources */,
				E120F1CC29CB6553004DF9C6 /* LoginController.swift in Sources */,
				E120F1CA29CB3B9D004DF9C6 /* AppConstants.swift in Sources */,
				E120F1C529CB3A7E004DF9C6 /* Color.swift in Sources */,
				E120F1A929CB38CF004DF9C6 /* SceneDelegate.swift in Sources */,
				E120F1CE29CB9283004DF9C6 /* LoginViewModel.swift in Sources */,
			);
			runOnlyForDeploymentPostprocessing = 0;
		};
/* End PBXSourcesBuildPhase section */

/* Begin XCBuildConfiguration section */
		E120F1B529CB38D2004DF9C6 /* Debug */ = {
			isa = XCBuildConfiguration;
			buildSettings = {
				ALWAYS_SEARCH_USER_PATHS = NO;
				CLANG_ANALYZER_NONNULL = YES;
				CLANG_ANALYZER_NUMBER_OBJECT_CONVERSION = YES_AGGRESSIVE;
				CLANG_CXX_LANGUAGE_STANDARD = "gnu++20";
				CLANG_ENABLE_MODULES = YES;
				CLANG_ENABLE_OBJC_ARC = YES;
				CLANG_ENABLE_OBJC_WEAK = YES;
				CLANG_WARN_BLOCK_CAPTURE_AUTORELEASING = YES;
				CLANG_WARN_BOOL_CONVERSION = YES;
				CLANG_WARN_COMMA = YES;
				CLANG_WARN_CONSTANT_CONVERSION = YES;
				CLANG_WARN_DEPRECATED_OBJC_IMPLEMENTATIONS = YES;
				CLANG_WARN_DIRECT_OBJC_ISA_USAGE = YES_ERROR;
				CLANG_WARN_DOCUMENTATION_COMMENTS = YES;
				CLANG_WARN_EMPTY_BODY = YES;
				CLANG_WARN_ENUM_CONVERSION = YES;
				CLANG_WARN_INFINITE_RECURSION = YES;
				CLANG_WARN_INT_CONVERSION = YES;
				CLANG_WARN_NON_LITERAL_NULL_CONVERSION = YES;
				CLANG_WARN_OBJC_IMPLICIT_RETAIN_SELF = YES;
				CLANG_WARN_OBJC_LITERAL_CONVERSION = YES;
				CLANG_WARN_OBJC_ROOT_CLASS = YES_ERROR;
				CLANG_WARN_QUOTED_INCLUDE_IN_FRAMEWORK_HEADER = YES;
				CLANG_WARN_RANGE_LOOP_ANALYSIS = YES;
				CLANG_WARN_STRICT_PROTOTYPES = YES;
				CLANG_WARN_SUSPICIOUS_MOVE = YES;
				CLANG_WARN_UNGUARDED_AVAILABILITY = YES_AGGRESSIVE;
				CLANG_WARN_UNREACHABLE_CODE = YES;
				CLANG_WARN__DUPLICATE_METHOD_MATCH = YES;
				COPY_PHASE_STRIP = NO;
				DEBUG_INFORMATION_FORMAT = dwarf;
				ENABLE_STRICT_OBJC_MSGSEND = YES;
				ENABLE_TESTABILITY = YES;
				GCC_C_LANGUAGE_STANDARD = gnu11;
				GCC_DYNAMIC_NO_PIC = NO;
				GCC_NO_COMMON_BLOCKS = YES;
				GCC_OPTIMIZATION_LEVEL = 0;
				GCC_PREPROCESSOR_DEFINITIONS = (
					"DEBUG=1",
					"$(inherited)",
				);
				GCC_WARN_64_TO_32_BIT_CONVERSION = YES;
				GCC_WARN_ABOUT_RETURN_TYPE = YES_ERROR;
				GCC_WARN_UNDECLARED_SELECTOR = YES;
				GCC_WARN_UNINITIALIZED_AUTOS = YES_AGGRESSIVE;
				GCC_WARN_UNUSED_FUNCTION = YES;
				GCC_WARN_UNUSED_VARIABLE = YES;
				IPHONEOS_DEPLOYMENT_TARGET = 16.2;
				MTL_ENABLE_DEBUG_INFO = INCLUDE_SOURCE;
				MTL_FAST_MATH = YES;
				ONLY_ACTIVE_ARCH = YES;
				SDKROOT = iphoneos;
				SWIFT_ACTIVE_COMPILATION_CONDITIONS = DEBUG;
				SWIFT_OPTIMIZATION_LEVEL = "-Onone";
			};
			name = Debug;
		};
		E120F1B629CB38D2004DF9C6 /* Release */ = {
			isa = XCBuildConfiguration;
			buildSettings = {
				ALWAYS_SEARCH_USER_PATHS = NO;
				CLANG_ANALYZER_NONNULL = YES;
				CLANG_ANALYZER_NUMBER_OBJECT_CONVERSION = YES_AGGRESSIVE;
				CLANG_CXX_LANGUAGE_STANDARD = "gnu++20";
				CLANG_ENABLE_MODULES = YES;
				CLANG_ENABLE_OBJC_ARC = YES;
				CLANG_ENABLE_OBJC_WEAK = YES;
				CLANG_WARN_BLOCK_CAPTURE_AUTORELEASING = YES;
				CLANG_WARN_BOOL_CONVERSION = YES;
				CLANG_WARN_COMMA = YES;
				CLANG_WARN_CONSTANT_CONVERSION = YES;
				CLANG_WARN_DEPRECATED_OBJC_IMPLEMENTATIONS = YES;
				CLANG_WARN_DIRECT_OBJC_ISA_USAGE = YES_ERROR;
				CLANG_WARN_DOCUMENTATION_COMMENTS = YES;
				CLANG_WARN_EMPTY_BODY = YES;
				CLANG_WARN_ENUM_CONVERSION = YES;
				CLANG_WARN_INFINITE_RECURSION = YES;
				CLANG_WARN_INT_CONVERSION = YES;
				CLANG_WARN_NON_LITERAL_NULL_CONVERSION = YES;
				CLANG_WARN_OBJC_IMPLICIT_RETAIN_SELF = YES;
				CLANG_WARN_OBJC_LITERAL_CONVERSION = YES;
				CLANG_WARN_OBJC_ROOT_CLASS = YES_ERROR;
				CLANG_WARN_QUOTED_INCLUDE_IN_FRAMEWORK_HEADER = YES;
				CLANG_WARN_RANGE_LOOP_ANALYSIS = YES;
				CLANG_WARN_STRICT_PROTOTYPES = YES;
				CLANG_WARN_SUSPICIOUS_MOVE = YES;
				CLANG_WARN_UNGUARDED_AVAILABILITY = YES_AGGRESSIVE;
				CLANG_WARN_UNREACHABLE_CODE = YES;
				CLANG_WARN__DUPLICATE_METHOD_MATCH = YES;
				COPY_PHASE_STRIP = NO;
				DEBUG_INFORMATION_FORMAT = "dwarf-with-dsym";
				ENABLE_NS_ASSERTIONS = NO;
				ENABLE_STRICT_OBJC_MSGSEND = YES;
				GCC_C_LANGUAGE_STANDARD = gnu11;
				GCC_NO_COMMON_BLOCKS = YES;
				GCC_WARN_64_TO_32_BIT_CONVERSION = YES;
				GCC_WARN_ABOUT_RETURN_TYPE = YES_ERROR;
				GCC_WARN_UNDECLARED_SELECTOR = YES;
				GCC_WARN_UNINITIALIZED_AUTOS = YES_AGGRESSIVE;
				GCC_WARN_UNUSED_FUNCTION = YES;
				GCC_WARN_UNUSED_VARIABLE = YES;
				IPHONEOS_DEPLOYMENT_TARGET = 16.2;
				MTL_ENABLE_DEBUG_INFO = NO;
				MTL_FAST_MATH = YES;
				SDKROOT = iphoneos;
				SWIFT_COMPILATION_MODE = wholemodule;
				SWIFT_OPTIMIZATION_LEVEL = "-O";
				VALIDATE_PRODUCT = YES;
			};
			name = Release;
		};
		E120F1B829CB38D2004DF9C6 /* Debug */ = {
			isa = XCBuildConfiguration;
			buildSettings = {
				ASSETCATALOG_COMPILER_APPICON_NAME = AppIcon;
				ASSETCATALOG_COMPILER_GLOBAL_ACCENT_COLOR_NAME = AccentColor;
				CODE_SIGN_STYLE = Automatic;
				CURRENT_PROJECT_VERSION = 1;
				DEVELOPMENT_TEAM = KRQ8Y2FQP3;
				GENERATE_INFOPLIST_FILE = YES;
				INFOPLIST_FILE = PhotosApp/Info.plist;
				INFOPLIST_KEY_UIApplicationSupportsIndirectInputEvents = YES;
				INFOPLIST_KEY_UILaunchStoryboardName = LaunchScreen;
				INFOPLIST_KEY_UISupportedInterfaceOrientations_iPad = "UIInterfaceOrientationPortrait UIInterfaceOrientationPortraitUpsideDown UIInterfaceOrientationLandscapeLeft UIInterfaceOrientationLandscapeRight";
				INFOPLIST_KEY_UISupportedInterfaceOrientations_iPhone = "UIInterfaceOrientationPortrait UIInterfaceOrientationLandscapeLeft UIInterfaceOrientationLandscapeRight";
				LD_RUNPATH_SEARCH_PATHS = (
					"$(inherited)",
					"@executable_path/Frameworks",
				);
				MARKETING_VERSION = 1.0;
				PRODUCT_BUNDLE_IDENTIFIER = com.WallStudy.PhotosApp;
				PRODUCT_NAME = "$(TARGET_NAME)";
				SWIFT_EMIT_LOC_STRINGS = YES;
				SWIFT_VERSION = 5.0;
				TARGETED_DEVICE_FAMILY = "1,2";
			};
			name = Debug;
		};
		E120F1B929CB38D2004DF9C6 /* Release */ = {
			isa = XCBuildConfiguration;
			buildSettings = {
				ASSETCATALOG_COMPILER_APPICON_NAME = AppIcon;
				ASSETCATALOG_COMPILER_GLOBAL_ACCENT_COLOR_NAME = AccentColor;
				CODE_SIGN_STYLE = Automatic;
				CURRENT_PROJECT_VERSION = 1;
				DEVELOPMENT_TEAM = KRQ8Y2FQP3;
				GENERATE_INFOPLIST_FILE = YES;
				INFOPLIST_FILE = PhotosApp/Info.plist;
				INFOPLIST_KEY_UIApplicationSupportsIndirectInputEvents = YES;
				INFOPLIST_KEY_UILaunchStoryboardName = LaunchScreen;
				INFOPLIST_KEY_UISupportedInterfaceOrientations_iPad = "UIInterfaceOrientationPortrait UIInterfaceOrientationPortraitUpsideDown UIInterfaceOrientationLandscapeLeft UIInterfaceOrientationLandscapeRight";
				INFOPLIST_KEY_UISupportedInterfaceOrientations_iPhone = "UIInterfaceOrientationPortrait UIInterfaceOrientationLandscapeLeft UIInterfaceOrientationLandscapeRight";
				LD_RUNPATH_SEARCH_PATHS = (
					"$(inherited)",
					"@executable_path/Frameworks",
				);
				MARKETING_VERSION = 1.0;
				PRODUCT_BUNDLE_IDENTIFIER = com.WallStudy.PhotosApp;
				PRODUCT_NAME = "$(TARGET_NAME)";
				SWIFT_EMIT_LOC_STRINGS = YES;
				SWIFT_VERSION = 5.0;
				TARGETED_DEVICE_FAMILY = "1,2";
			};
			name = Release;
		};
/* End XCBuildConfiguration section */

/* Begin XCConfigurationList section */
		E120F19E29CB38CF004DF9C6 /* Build configuration list for PBXProject "PhotosApp" */ = {
			isa = XCConfigurationList;
			buildConfigurations = (
				E120F1B529CB38D2004DF9C6 /* Debug */,
				E120F1B629CB38D2004DF9C6 /* Release */,
			);
			defaultConfigurationIsVisible = 0;
			defaultConfigurationName = Release;
		};
		E120F1B729CB38D2004DF9C6 /* Build configuration list for PBXNativeTarget "PhotosApp" */ = {
			isa = XCConfigurationList;
			buildConfigurations = (
				E120F1B829CB38D2004DF9C6 /* Debug */,
				E120F1B929CB38D2004DF9C6 /* Release */,
			);
			defaultConfigurationIsVisible = 0;
			defaultConfigurationName = Release;
		};
/* End XCConfigurationList section */
	};
	rootObject = E120F19B29CB38CF004DF9C6 /* Project object */;
}
